// !$*UTF8*$!
{
	archiveVersion = 1;
	classes = {
	};
	objectVersion = 52;
	objects = {

/* Begin PBXBuildFile section */
		872C464AE72C08021D82E810 /* Pods_SwiftUIDesignCode.framework in Frameworks */ = {isa = PBXBuildFile; fileRef = DFC2366C82D161E79B6FAED4 /* Pods_SwiftUIDesignCode.framework */; };
		900771CA259C017F00F8BFDE /* RingView.swift in Sources */ = {isa = PBXBuildFile; fileRef = 900771C9259C017F00F8BFDE /* RingView.swift */; };
		900771D0259D234100F8BFDE /* Modifiers.swift in Sources */ = {isa = PBXBuildFile; fileRef = 900771CF259D234100F8BFDE /* Modifiers.swift */; };
		900771EC259D279F00F8BFDE /* WorkSans-VariableFont_wght.ttf in Resources */ = {isa = PBXBuildFile; fileRef = 900771D5259D279F00F8BFDE /* WorkSans-VariableFont_wght.ttf */; };
		900771ED259D279F00F8BFDE /* WorkSans-Regular.ttf in Resources */ = {isa = PBXBuildFile; fileRef = 900771D7259D279F00F8BFDE /* WorkSans-Regular.ttf */; };
		900771EE259D279F00F8BFDE /* WorkSans-Light.ttf in Resources */ = {isa = PBXBuildFile; fileRef = 900771D8259D279F00F8BFDE /* WorkSans-Light.ttf */; };
		900771EF259D279F00F8BFDE /* WorkSans-ExtraBold.ttf in Resources */ = {isa = PBXBuildFile; fileRef = 900771D9259D279F00F8BFDE /* WorkSans-ExtraBold.ttf */; };
		900771F0259D279F00F8BFDE /* WorkSans-SemiBoldItalic.ttf in Resources */ = {isa = PBXBuildFile; fileRef = 900771DA259D279F00F8BFDE /* WorkSans-SemiBoldItalic.ttf */; };
		900771F1259D279F00F8BFDE /* WorkSans-MediumItalic.ttf in Resources */ = {isa = PBXBuildFile; fileRef = 900771DB259D279F00F8BFDE /* WorkSans-MediumItalic.ttf */; };
		900771F2259D279F00F8BFDE /* WorkSans-BoldItalic.ttf in Resources */ = {isa = PBXBuildFile; fileRef = 900771DC259D279F00F8BFDE /* WorkSans-BoldItalic.ttf */; };
		900771F3259D279F00F8BFDE /* WorkSans-ExtraLight.ttf in Resources */ = {isa = PBXBuildFile; fileRef = 900771DD259D279F00F8BFDE /* WorkSans-ExtraLight.ttf */; };
		900771F4259D279F00F8BFDE /* WorkSans-ThinItalic.ttf in Resources */ = {isa = PBXBuildFile; fileRef = 900771DE259D279F00F8BFDE /* WorkSans-ThinItalic.ttf */; };
		900771F5259D279F00F8BFDE /* WorkSans-ExtraLightItalic.ttf in Resources */ = {isa = PBXBuildFile; fileRef = 900771DF259D279F00F8BFDE /* WorkSans-ExtraLightItalic.ttf */; };
		900771F6259D279F00F8BFDE /* WorkSans-Medium.ttf in Resources */ = {isa = PBXBuildFile; fileRef = 900771E0259D279F00F8BFDE /* WorkSans-Medium.ttf */; };
		900771F7259D279F00F8BFDE /* WorkSans-SemiBold.ttf in Resources */ = {isa = PBXBuildFile; fileRef = 900771E1259D279F00F8BFDE /* WorkSans-SemiBold.ttf */; };
		900771F8259D279F00F8BFDE /* WorkSans-Italic.ttf in Resources */ = {isa = PBXBuildFile; fileRef = 900771E2259D279F00F8BFDE /* WorkSans-Italic.ttf */; };
		900771F9259D279F00F8BFDE /* WorkSans-BlackItalic.ttf in Resources */ = {isa = PBXBuildFile; fileRef = 900771E3259D279F00F8BFDE /* WorkSans-BlackItalic.ttf */; };
		900771FA259D279F00F8BFDE /* WorkSans-Thin.ttf in Resources */ = {isa = PBXBuildFile; fileRef = 900771E4259D279F00F8BFDE /* WorkSans-Thin.ttf */; };
		900771FB259D279F00F8BFDE /* WorkSans-Black.ttf in Resources */ = {isa = PBXBuildFile; fileRef = 900771E5259D279F00F8BFDE /* WorkSans-Black.ttf */; };
		900771FC259D279F00F8BFDE /* WorkSans-LightItalic.ttf in Resources */ = {isa = PBXBuildFile; fileRef = 900771E6259D279F00F8BFDE /* WorkSans-LightItalic.ttf */; };
		900771FD259D279F00F8BFDE /* WorkSans-ExtraBoldItalic.ttf in Resources */ = {isa = PBXBuildFile; fileRef = 900771E7259D279F00F8BFDE /* WorkSans-ExtraBoldItalic.ttf */; };
		900771FE259D279F00F8BFDE /* WorkSans-Bold.ttf in Resources */ = {isa = PBXBuildFile; fileRef = 900771E8259D279F00F8BFDE /* WorkSans-Bold.ttf */; };
		900771FF259D279F00F8BFDE /* WorkSans-Italic-VariableFont_wght.ttf in Resources */ = {isa = PBXBuildFile; fileRef = 900771E9259D279F00F8BFDE /* WorkSans-Italic-VariableFont_wght.ttf */; };
		90077200259D279F00F8BFDE /* OFL.txt in Resources */ = {isa = PBXBuildFile; fileRef = 900771EA259D279F00F8BFDE /* OFL.txt */; };
		90077201259D279F00F8BFDE /* README.txt in Resources */ = {isa = PBXBuildFile; fileRef = 900771EB259D279F00F8BFDE /* README.txt */; };
		9044B988259AA7720076F444 /* UpdateList.swift in Sources */ = {isa = PBXBuildFile; fileRef = 9044B987259AA7720076F444 /* UpdateList.swift */; };
		906EA10725940EEF005231D9 /* MenuView.swift in Sources */ = {isa = PBXBuildFile; fileRef = 906EA10625940EEF005231D9 /* MenuView.swift */; };
		907FE58E25A3C63A009A2CBA /* CourseDetail.swift in Sources */ = {isa = PBXBuildFile; fileRef = 907FE58D25A3C63A009A2CBA /* CourseDetail.swift */; };
		907FE5DD25A51087009A2CBA /* Data.swift in Sources */ = {isa = PBXBuildFile; fileRef = 907FE5DC25A51086009A2CBA /* Data.swift */; };
		907FE5E225A511DD009A2CBA /* PostList.swift in Sources */ = {isa = PBXBuildFile; fileRef = 907FE5E125A511DD009A2CBA /* PostList.swift */; };
		907FE5EA25A51473009A2CBA /* DataStore.swift in Sources */ = {isa = PBXBuildFile; fileRef = 907FE5E925A51473009A2CBA /* DataStore.swift */; };
		907FE5F025A51816009A2CBA /* Contentful in Frameworks */ = {isa = PBXBuildFile; productRef = 907FE5EF25A51816009A2CBA /* Contentful */; };
		907FE5F525A51A85009A2CBA /* CourseStore.swift in Sources */ = {isa = PBXBuildFile; fileRef = 907FE5F425A51A85009A2CBA /* CourseStore.swift */; };
		907FFB5F259AAF0100406018 /* UpdateDetail.swift in Sources */ = {isa = PBXBuildFile; fileRef = 907FFB5E259AAF0100406018 /* UpdateDetail.swift */; };
		907FFB64259AB3F100406018 /* UpdateStore.swift in Sources */ = {isa = PBXBuildFile; fileRef = 907FFB63259AB3F100406018 /* UpdateStore.swift */; };
		90835962259A80F500A3DF7C /* Home.swift in Sources */ = {isa = PBXBuildFile; fileRef = 90835961259A80F500A3DF7C /* Home.swift */; };
		90835967259A905500A3DF7C /* HomeView.swift in Sources */ = {isa = PBXBuildFile; fileRef = 90835966259A905500A3DF7C /* HomeView.swift */; };
		90A5154F259E7D9B00A0A165 /* CourseList.swift in Sources */ = {isa = PBXBuildFile; fileRef = 90A5154E259E7D9B00A0A165 /* CourseList.swift */; };
		90ABA6A425AE79E4009B645E /* loading.json in Resources */ = {isa = PBXBuildFile; fileRef = 90ABA6A225AE79E4009B645E /* loading.json */; };
		90ABA6A525AE79E4009B645E /* success.json in Resources */ = {isa = PBXBuildFile; fileRef = 90ABA6A325AE79E4009B645E /* success.json */; };
		90ABA6AB25AE7A36009B645E /* Lottie in Frameworks */ = {isa = PBXBuildFile; productRef = 90ABA6AA25AE7A36009B645E /* Lottie */; };
		90ABA6B325AE7A69009B645E /* LottieView.swift in Sources */ = {isa = PBXBuildFile; fileRef = 90ABA6B225AE7A69009B645E /* LottieView.swift */; };
		90ABA6B825AE7BE9009B645E /* LoadingView.swift in Sources */ = {isa = PBXBuildFile; fileRef = 90ABA6B725AE7BE9009B645E /* LoadingView.swift */; };
		90ABA6BD25AE88FF009B645E /* SuccessView.swift in Sources */ = {isa = PBXBuildFile; fileRef = 90ABA6BC25AE88FF009B645E /* SuccessView.swift */; };
		90ABA6C225AE8E52009B645E /* GoogleService-Info.plist in Resources */ = {isa = PBXBuildFile; fileRef = 90ABA6C125AE8E52009B645E /* GoogleService-Info.plist */; };
		90B3F09B25AD392C00E57B03 /* LoginView.swift in Sources */ = {isa = PBXBuildFile; fileRef = 90B3F09A25AD392C00E57B03 /* LoginView.swift */; };
		90C09040259BFAA0001A47C1 /* TopBar.swift in Sources */ = {isa = PBXBuildFile; fileRef = 90C0903F259BFAA0001A47C1 /* TopBar.swift */; };
		90C1B0FC2593B3CC00434058 /* SwiftUIDesignCodeApp.swift in Sources */ = {isa = PBXBuildFile; fileRef = 90C1B0FB2593B3CC00434058 /* SwiftUIDesignCodeApp.swift */; };
		90C1B0FE2593B3CC00434058 /* ContentView.swift in Sources */ = {isa = PBXBuildFile; fileRef = 90C1B0FD2593B3CC00434058 /* ContentView.swift */; };
		90C1B1002593B3D000434058 /* Assets.xcassets in Resources */ = {isa = PBXBuildFile; fileRef = 90C1B0FF2593B3D000434058 /* Assets.xcassets */; };
		90C1B1032593B3D000434058 /* Preview Assets.xcassets in Resources */ = {isa = PBXBuildFile; fileRef = 90C1B1022593B3D000434058 /* Preview Assets.xcassets */; };
		90C1B10E2593B3D000434058 /* SwiftUIDesignCodeTests.swift in Sources */ = {isa = PBXBuildFile; fileRef = 90C1B10D2593B3D000434058 /* SwiftUIDesignCodeTests.swift */; };
		90C1B1192593B3D000434058 /* SwiftUIDesignCodeUITests.swift in Sources */ = {isa = PBXBuildFile; fileRef = 90C1B1182593B3D000434058 /* SwiftUIDesignCodeUITests.swift */; };
		90D32ADD25B8D1B500D7929B /* UserStore.swift in Sources */ = {isa = PBXBuildFile; fileRef = 90D32ADC25B8D1B400D7929B /* UserStore.swift */; };
		90D9F67725A5232700AC3FCE /* SDWebImageSwiftUI in Frameworks */ = {isa = PBXBuildFile; productRef = 90D9F67625A5232700AC3FCE /* SDWebImageSwiftUI */; };
		90D9F67E25A5290700AC3FCE /* BlurView.swift in Sources */ = {isa = PBXBuildFile; fileRef = 90D9F67D25A5290700AC3FCE /* BlurView.swift */; };
		90F3CE0A25A6441A0095FBBB /* Buttons.swift in Sources */ = {isa = PBXBuildFile; fileRef = 90F3CE0925A6441A0095FBBB /* Buttons.swift */; };
		B0D0929624CB01AAE1279736 /* Pods_SwiftUIDesignCodeTests.framework in Frameworks */ = {isa = PBXBuildFile; fileRef = 355491C3CDFBCA773A931F94 /* Pods_SwiftUIDesignCodeTests.framework */; };
		F6DCD7AAB4160A60D7DE2A73 /* Pods_SwiftUIDesignCode_SwiftUIDesignCodeUITests.framework in Frameworks */ = {isa = PBXBuildFile; fileRef = 200E90306FBD83B9CE5A2B38 /* Pods_SwiftUIDesignCode_SwiftUIDesignCodeUITests.framework */; };
/* End PBXBuildFile section */

/* Begin PBXContainerItemProxy section */
		90C1B10A2593B3D000434058 /* PBXContainerItemProxy */ = {
			isa = PBXContainerItemProxy;
			containerPortal = 90C1B0F02593B3CC00434058 /* Project object */;
			proxyType = 1;
			remoteGlobalIDString = 90C1B0F72593B3CC00434058;
			remoteInfo = SwiftUIDesignCode;
		};
		90C1B1152593B3D000434058 /* PBXContainerItemProxy */ = {
			isa = PBXContainerItemProxy;
			containerPortal = 90C1B0F02593B3CC00434058 /* Project object */;
			proxyType = 1;
			remoteGlobalIDString = 90C1B0F72593B3CC00434058;
			remoteInfo = SwiftUIDesignCode;
		};
/* End PBXContainerItemProxy section */

/* Begin PBXFileReference section */
		200E90306FBD83B9CE5A2B38 /* Pods_SwiftUIDesignCode_SwiftUIDesignCodeUITests.framework */ = {isa = PBXFileReference; explicitFileType = wrapper.framework; includeInIndex = 0; path = Pods_SwiftUIDesignCode_SwiftUIDesignCodeUITests.framework; sourceTree = BUILT_PRODUCTS_DIR; };
		355491C3CDFBCA773A931F94 /* Pods_SwiftUIDesignCodeTests.framework */ = {isa = PBXFileReference; explicitFileType = wrapper.framework; includeInIndex = 0; path = Pods_SwiftUIDesignCodeTests.framework; sourceTree = BUILT_PRODUCTS_DIR; };
		40F24EA7CDE356E1947536C0 /* Pods-SwiftUIDesignCodeTests.release.xcconfig */ = {isa = PBXFileReference; includeInIndex = 1; lastKnownFileType = text.xcconfig; name = "Pods-SwiftUIDesignCodeTests.release.xcconfig"; path = "Target Support Files/Pods-SwiftUIDesignCodeTests/Pods-SwiftUIDesignCodeTests.release.xcconfig"; sourceTree = "<group>"; };
		52F63BB8786E1BADC5C402D9 /* Pods-SwiftUIDesignCode.debug.xcconfig */ = {isa = PBXFileReference; includeInIndex = 1; lastKnownFileType = text.xcconfig; name = "Pods-SwiftUIDesignCode.debug.xcconfig"; path = "Target Support Files/Pods-SwiftUIDesignCode/Pods-SwiftUIDesignCode.debug.xcconfig"; sourceTree = "<group>"; };
		553E602EBEF22414E1394C79 /* Pods-SwiftUIDesignCode-SwiftUIDesignCodeUITests.release.xcconfig */ = {isa = PBXFileReference; includeInIndex = 1; lastKnownFileType = text.xcconfig; name = "Pods-SwiftUIDesignCode-SwiftUIDesignCodeUITests.release.xcconfig"; path = "Target Support Files/Pods-SwiftUIDesignCode-SwiftUIDesignCodeUITests/Pods-SwiftUIDesignCode-SwiftUIDesignCodeUITests.release.xcconfig"; sourceTree = "<group>"; };
		900771C9259C017F00F8BFDE /* RingView.swift */ = {isa = PBXFileReference; lastKnownFileType = sourcecode.swift; path = RingView.swift; sourceTree = "<group>"; };
		900771CF259D234100F8BFDE /* Modifiers.swift */ = {isa = PBXFileReference; lastKnownFileType = sourcecode.swift; path = Modifiers.swift; sourceTree = "<group>"; };
		900771D5259D279F00F8BFDE /* WorkSans-VariableFont_wght.ttf */ = {isa = PBXFileReference; lastKnownFileType = file; path = "WorkSans-VariableFont_wght.ttf"; sourceTree = "<group>"; };
		900771D7259D279F00F8BFDE /* WorkSans-Regular.ttf */ = {isa = PBXFileReference; lastKnownFileType = file; path = "WorkSans-Regular.ttf"; sourceTree = "<group>"; };
		900771D8259D279F00F8BFDE /* WorkSans-Light.ttf */ = {isa = PBXFileReference; lastKnownFileType = file; path = "WorkSans-Light.ttf"; sourceTree = "<group>"; };
		900771D9259D279F00F8BFDE /* WorkSans-ExtraBold.ttf */ = {isa = PBXFileReference; lastKnownFileType = file; path = "WorkSans-ExtraBold.ttf"; sourceTree = "<group>"; };
		900771DA259D279F00F8BFDE /* WorkSans-SemiBoldItalic.ttf */ = {isa = PBXFileReference; lastKnownFileType = file; path = "WorkSans-SemiBoldItalic.ttf"; sourceTree = "<group>"; };
		900771DB259D279F00F8BFDE /* WorkSans-MediumItalic.ttf */ = {isa = PBXFileReference; lastKnownFileType = file; path = "WorkSans-MediumItalic.ttf"; sourceTree = "<group>"; };
		900771DC259D279F00F8BFDE /* WorkSans-BoldItalic.ttf */ = {isa = PBXFileReference; lastKnownFileType = file; path = "WorkSans-BoldItalic.ttf"; sourceTree = "<group>"; };
		900771DD259D279F00F8BFDE /* WorkSans-ExtraLight.ttf */ = {isa = PBXFileReference; lastKnownFileType = file; path = "WorkSans-ExtraLight.ttf"; sourceTree = "<group>"; };
		900771DE259D279F00F8BFDE /* WorkSans-ThinItalic.ttf */ = {isa = PBXFileReference; lastKnownFileType = file; path = "WorkSans-ThinItalic.ttf"; sourceTree = "<group>"; };
		900771DF259D279F00F8BFDE /* WorkSans-ExtraLightItalic.ttf */ = {isa = PBXFileReference; lastKnownFileType = file; path = "WorkSans-ExtraLightItalic.ttf"; sourceTree = "<group>"; };
		900771E0259D279F00F8BFDE /* WorkSans-Medium.ttf */ = {isa = PBXFileReference; lastKnownFileType = file; path = "WorkSans-Medium.ttf"; sourceTree = "<group>"; };
		900771E1259D279F00F8BFDE /* WorkSans-SemiBold.ttf */ = {isa = PBXFileReference; lastKnownFileType = file; path = "WorkSans-SemiBold.ttf"; sourceTree = "<group>"; };
		900771E2259D279F00F8BFDE /* WorkSans-Italic.ttf */ = {isa = PBXFileReference; lastKnownFileType = file; path = "WorkSans-Italic.ttf"; sourceTree = "<group>"; };
		900771E3259D279F00F8BFDE /* WorkSans-BlackItalic.ttf */ = {isa = PBXFileReference; lastKnownFileType = file; path = "WorkSans-BlackItalic.ttf"; sourceTree = "<group>"; };
		900771E4259D279F00F8BFDE /* WorkSans-Thin.ttf */ = {isa = PBXFileReference; lastKnownFileType = file; path = "WorkSans-Thin.ttf"; sourceTree = "<group>"; };
		900771E5259D279F00F8BFDE /* WorkSans-Black.ttf */ = {isa = PBXFileReference; lastKnownFileType = file; path = "WorkSans-Black.ttf"; sourceTree = "<group>"; };
		900771E6259D279F00F8BFDE /* WorkSans-LightItalic.ttf */ = {isa = PBXFileReference; lastKnownFileType = file; path = "WorkSans-LightItalic.ttf"; sourceTree = "<group>"; };
		900771E7259D279F00F8BFDE /* WorkSans-ExtraBoldItalic.ttf */ = {isa = PBXFileReference; lastKnownFileType = file; path = "WorkSans-ExtraBoldItalic.ttf"; sourceTree = "<group>"; };
		900771E8259D279F00F8BFDE /* WorkSans-Bold.ttf */ = {isa = PBXFileReference; lastKnownFileType = file; path = "WorkSans-Bold.ttf"; sourceTree = "<group>"; };
		900771E9259D279F00F8BFDE /* WorkSans-Italic-VariableFont_wght.ttf */ = {isa = PBXFileReference; lastKnownFileType = file; path = "WorkSans-Italic-VariableFont_wght.ttf"; sourceTree = "<group>"; };
		900771EA259D279F00F8BFDE /* OFL.txt */ = {isa = PBXFileReference; fileEncoding = 4; lastKnownFileType = text; path = OFL.txt; sourceTree = "<group>"; };
		900771EB259D279F00F8BFDE /* README.txt */ = {isa = PBXFileReference; fileEncoding = 4; lastKnownFileType = text; path = README.txt; sourceTree = "<group>"; };
		9044B987259AA7720076F444 /* UpdateList.swift */ = {isa = PBXFileReference; lastKnownFileType = sourcecode.swift; path = UpdateList.swift; sourceTree = "<group>"; };
		906EA10625940EEF005231D9 /* MenuView.swift */ = {isa = PBXFileReference; lastKnownFileType = sourcecode.swift; path = MenuView.swift; sourceTree = "<group>"; };
		907FE58D25A3C63A009A2CBA /* CourseDetail.swift */ = {isa = PBXFileReference; lastKnownFileType = sourcecode.swift; path = CourseDetail.swift; sourceTree = "<group>"; };
		907FE5DC25A51086009A2CBA /* Data.swift */ = {isa = PBXFileReference; lastKnownFileType = sourcecode.swift; path = Data.swift; sourceTree = "<group>"; };
		907FE5E125A511DD009A2CBA /* PostList.swift */ = {isa = PBXFileReference; lastKnownFileType = sourcecode.swift; path = PostList.swift; sourceTree = "<group>"; };
		907FE5E925A51473009A2CBA /* DataStore.swift */ = {isa = PBXFileReference; lastKnownFileType = sourcecode.swift; path = DataStore.swift; sourceTree = "<group>"; };
		907FE5F425A51A85009A2CBA /* CourseStore.swift */ = {isa = PBXFileReference; lastKnownFileType = sourcecode.swift; path = CourseStore.swift; sourceTree = "<group>"; };
		907FFB5E259AAF0100406018 /* UpdateDetail.swift */ = {isa = PBXFileReference; lastKnownFileType = sourcecode.swift; path = UpdateDetail.swift; sourceTree = "<group>"; };
		907FFB63259AB3F100406018 /* UpdateStore.swift */ = {isa = PBXFileReference; lastKnownFileType = sourcecode.swift; path = UpdateStore.swift; sourceTree = "<group>"; };
		90835961259A80F500A3DF7C /* Home.swift */ = {isa = PBXFileReference; lastKnownFileType = sourcecode.swift; path = Home.swift; sourceTree = "<group>"; };
		90835966259A905500A3DF7C /* HomeView.swift */ = {isa = PBXFileReference; lastKnownFileType = sourcecode.swift; path = HomeView.swift; sourceTree = "<group>"; };
		90A5154E259E7D9B00A0A165 /* CourseList.swift */ = {isa = PBXFileReference; lastKnownFileType = sourcecode.swift; path = CourseList.swift; sourceTree = "<group>"; };
		90ABA6A225AE79E4009B645E /* loading.json */ = {isa = PBXFileReference; fileEncoding = 4; lastKnownFileType = text.json; path = loading.json; sourceTree = "<group>"; };
		90ABA6A325AE79E4009B645E /* success.json */ = {isa = PBXFileReference; fileEncoding = 4; lastKnownFileType = text.json; path = success.json; sourceTree = "<group>"; };
		90ABA6B225AE7A69009B645E /* LottieView.swift */ = {isa = PBXFileReference; lastKnownFileType = sourcecode.swift; path = LottieView.swift; sourceTree = "<group>"; };
		90ABA6B725AE7BE9009B645E /* LoadingView.swift */ = {isa = PBXFileReference; lastKnownFileType = sourcecode.swift; path = LoadingView.swift; sourceTree = "<group>"; };
		90ABA6BC25AE88FF009B645E /* SuccessView.swift */ = {isa = PBXFileReference; lastKnownFileType = sourcecode.swift; path = SuccessView.swift; sourceTree = "<group>"; };
		90ABA6C125AE8E52009B645E /* GoogleService-Info.plist */ = {isa = PBXFileReference; fileEncoding = 4; lastKnownFileType = text.plist.xml; path = "GoogleService-Info.plist"; sourceTree = "<group>"; };
		90B3F09A25AD392C00E57B03 /* LoginView.swift */ = {isa = PBXFileReference; lastKnownFileType = sourcecode.swift; path = LoginView.swift; sourceTree = "<group>"; };
		90C0903F259BFAA0001A47C1 /* TopBar.swift */ = {isa = PBXFileReference; lastKnownFileType = sourcecode.swift; path = TopBar.swift; sourceTree = "<group>"; };
		90C1B0F82593B3CC00434058 /* SwiftUIDesignCode.app */ = {isa = PBXFileReference; explicitFileType = wrapper.application; includeInIndex = 0; path = SwiftUIDesignCode.app; sourceTree = BUILT_PRODUCTS_DIR; };
		90C1B0FB2593B3CC00434058 /* SwiftUIDesignCodeApp.swift */ = {isa = PBXFileReference; lastKnownFileType = sourcecode.swift; path = SwiftUIDesignCodeApp.swift; sourceTree = "<group>"; };
		90C1B0FD2593B3CC00434058 /* ContentView.swift */ = {isa = PBXFileReference; lastKnownFileType = sourcecode.swift; path = ContentView.swift; sourceTree = "<group>"; };
		90C1B0FF2593B3D000434058 /* Assets.xcassets */ = {isa = PBXFileReference; lastKnownFileType = folder.assetcatalog; path = Assets.xcassets; sourceTree = "<group>"; };
		90C1B1022593B3D000434058 /* Preview Assets.xcassets */ = {isa = PBXFileReference; lastKnownFileType = folder.assetcatalog; path = "Preview Assets.xcassets"; sourceTree = "<group>"; };
		90C1B1042593B3D000434058 /* Info.plist */ = {isa = PBXFileReference; lastKnownFileType = text.plist.xml; path = Info.plist; sourceTree = "<group>"; };
		90C1B1092593B3D000434058 /* SwiftUIDesignCodeTests.xctest */ = {isa = PBXFileReference; explicitFileType = wrapper.cfbundle; includeInIndex = 0; path = SwiftUIDesignCodeTests.xctest; sourceTree = BUILT_PRODUCTS_DIR; };
		90C1B10D2593B3D000434058 /* SwiftUIDesignCodeTests.swift */ = {isa = PBXFileReference; lastKnownFileType = sourcecode.swift; path = SwiftUIDesignCodeTests.swift; sourceTree = "<group>"; };
		90C1B10F2593B3D000434058 /* Info.plist */ = {isa = PBXFileReference; lastKnownFileType = text.plist.xml; path = Info.plist; sourceTree = "<group>"; };
		90C1B1142593B3D000434058 /* SwiftUIDesignCodeUITests.xctest */ = {isa = PBXFileReference; explicitFileType = wrapper.cfbundle; includeInIndex = 0; path = SwiftUIDesignCodeUITests.xctest; sourceTree = BUILT_PRODUCTS_DIR; };
		90C1B1182593B3D000434058 /* SwiftUIDesignCodeUITests.swift */ = {isa = PBXFileReference; lastKnownFileType = sourcecode.swift; path = SwiftUIDesignCodeUITests.swift; sourceTree = "<group>"; };
		90C1B11A2593B3D000434058 /* Info.plist */ = {isa = PBXFileReference; lastKnownFileType = text.plist.xml; path = Info.plist; sourceTree = "<group>"; };
		90D32ADC25B8D1B400D7929B /* UserStore.swift */ = {isa = PBXFileReference; lastKnownFileType = sourcecode.swift; path = UserStore.swift; sourceTree = "<group>"; };
		90D9F67D25A5290700AC3FCE /* BlurView.swift */ = {isa = PBXFileReference; lastKnownFileType = sourcecode.swift; path = BlurView.swift; sourceTree = "<group>"; };
		90F3CE0925A6441A0095FBBB /* Buttons.swift */ = {isa = PBXFileReference; lastKnownFileType = sourcecode.swift; path = Buttons.swift; sourceTree = "<group>"; };
		95EDB7EDFE3DD42C485261B1 /* Pods-SwiftUIDesignCode.release.xcconfig */ = {isa = PBXFileReference; includeInIndex = 1; lastKnownFileType = text.xcconfig; name = "Pods-SwiftUIDesignCode.release.xcconfig"; path = "Target Support Files/Pods-SwiftUIDesignCode/Pods-SwiftUIDesignCode.release.xcconfig"; sourceTree = "<group>"; };
		C61C8E4F7FEB30513B8A204B /* Pods-SwiftUIDesignCodeTests.debug.xcconfig */ = {isa = PBXFileReference; includeInIndex = 1; lastKnownFileType = text.xcconfig; name = "Pods-SwiftUIDesignCodeTests.debug.xcconfig"; path = "Target Support Files/Pods-SwiftUIDesignCodeTests/Pods-SwiftUIDesignCodeTests.debug.xcconfig"; sourceTree = "<group>"; };
		DFC2366C82D161E79B6FAED4 /* Pods_SwiftUIDesignCode.framework */ = {isa = PBXFileReference; explicitFileType = wrapper.framework; includeInIndex = 0; path = Pods_SwiftUIDesignCode.framework; sourceTree = BUILT_PRODUCTS_DIR; };
		E93A604867FB1962C5A60182 /* Pods-SwiftUIDesignCode-SwiftUIDesignCodeUITests.debug.xcconfig */ = {isa = PBXFileReference; includeInIndex = 1; lastKnownFileType = text.xcconfig; name = "Pods-SwiftUIDesignCode-SwiftUIDesignCodeUITests.debug.xcconfig"; path = "Target Support Files/Pods-SwiftUIDesignCode-SwiftUIDesignCodeUITests/Pods-SwiftUIDesignCode-SwiftUIDesignCodeUITests.debug.xcconfig"; sourceTree = "<group>"; };
/* End PBXFileReference section */

/* Begin PBXFrameworksBuildPhase section */
		90C1B0F52593B3CC00434058 /* Frameworks */ = {
			isa = PBXFrameworksBuildPhase;
			buildActionMask = 2147483647;
			files = (
				90D9F67725A5232700AC3FCE /* SDWebImageSwiftUI in Frameworks */,
				907FE5F025A51816009A2CBA /* Contentful in Frameworks */,
				90ABA6AB25AE7A36009B645E /* Lottie in Frameworks */,
				872C464AE72C08021D82E810 /* Pods_SwiftUIDesignCode.framework in Frameworks */,
			);
			runOnlyForDeploymentPostprocessing = 0;
		};
		90C1B1062593B3D000434058 /* Frameworks */ = {
			isa = PBXFrameworksBuildPhase;
			buildActionMask = 2147483647;
			files = (
				B0D0929624CB01AAE1279736 /* Pods_SwiftUIDesignCodeTests.framework in Frameworks */,
			);
			runOnlyForDeploymentPostprocessing = 0;
		};
		90C1B1112593B3D000434058 /* Frameworks */ = {
			isa = PBXFrameworksBuildPhase;
			buildActionMask = 2147483647;
			files = (
				F6DCD7AAB4160A60D7DE2A73 /* Pods_SwiftUIDesignCode_SwiftUIDesignCodeUITests.framework in Frameworks */,
			);
			runOnlyForDeploymentPostprocessing = 0;
		};
/* End PBXFrameworksBuildPhase section */

/* Begin PBXGroup section */
		900771D4259D279F00F8BFDE /* Work_Sans */ = {
			isa = PBXGroup;
			children = (
				900771D5259D279F00F8BFDE /* WorkSans-VariableFont_wght.ttf */,
				900771D7259D279F00F8BFDE /* WorkSans-Regular.ttf */,
				900771D8259D279F00F8BFDE /* WorkSans-Light.ttf */,
				900771D9259D279F00F8BFDE /* WorkSans-ExtraBold.ttf */,
				900771DA259D279F00F8BFDE /* WorkSans-SemiBoldItalic.ttf */,
				900771DB259D279F00F8BFDE /* WorkSans-MediumItalic.ttf */,
				900771DC259D279F00F8BFDE /* WorkSans-BoldItalic.ttf */,
				900771DD259D279F00F8BFDE /* WorkSans-ExtraLight.ttf */,
				900771DE259D279F00F8BFDE /* WorkSans-ThinItalic.ttf */,
				900771DF259D279F00F8BFDE /* WorkSans-ExtraLightItalic.ttf */,
				900771E0259D279F00F8BFDE /* WorkSans-Medium.ttf */,
				900771E1259D279F00F8BFDE /* WorkSans-SemiBold.ttf */,
				900771E2259D279F00F8BFDE /* WorkSans-Italic.ttf */,
				900771E3259D279F00F8BFDE /* WorkSans-BlackItalic.ttf */,
				900771E4259D279F00F8BFDE /* WorkSans-Thin.ttf */,
				900771E5259D279F00F8BFDE /* WorkSans-Black.ttf */,
				900771E6259D279F00F8BFDE /* WorkSans-LightItalic.ttf */,
				900771E7259D279F00F8BFDE /* WorkSans-ExtraBoldItalic.ttf */,
				900771E8259D279F00F8BFDE /* WorkSans-Bold.ttf */,
				900771E9259D279F00F8BFDE /* WorkSans-Italic-VariableFont_wght.ttf */,
				900771EA259D279F00F8BFDE /* OFL.txt */,
				900771EB259D279F00F8BFDE /* README.txt */,
			);
			path = Work_Sans;
			sourceTree = "<group>";
		};
		90ABA6A125AE79E4009B645E /* Lottie */ = {
			isa = PBXGroup;
			children = (
				90ABA6A225AE79E4009B645E /* loading.json */,
				90ABA6A325AE79E4009B645E /* success.json */,
			);
			name = Lottie;
			path = "../../SwiftUI Part 3/Lottie";
			sourceTree = "<group>";
		};
		90C1B0EF2593B3CC00434058 = {
			isa = PBXGroup;
			children = (
				90C1B0FA2593B3CC00434058 /* SwiftUIDesignCode */,
				90C1B10C2593B3D000434058 /* SwiftUIDesignCodeTests */,
				90C1B1172593B3D000434058 /* SwiftUIDesignCodeUITests */,
				90C1B0F92593B3CC00434058 /* Products */,
				E80620A47AAC543EC131FFE2 /* Pods */,
				9AA73CD0917899306B42071B /* Frameworks */,
			);
			sourceTree = "<group>";
		};
		90C1B0F92593B3CC00434058 /* Products */ = {
			isa = PBXGroup;
			children = (
				90C1B0F82593B3CC00434058 /* SwiftUIDesignCode.app */,
				90C1B1092593B3D000434058 /* SwiftUIDesignCodeTests.xctest */,
				90C1B1142593B3D000434058 /* SwiftUIDesignCodeUITests.xctest */,
			);
			name = Products;
			sourceTree = "<group>";
		};
		90C1B0FA2593B3CC00434058 /* SwiftUIDesignCode */ = {
			isa = PBXGroup;
			children = (
				90C1B0FB2593B3CC00434058 /* SwiftUIDesignCodeApp.swift */,
				90C1B0FD2593B3CC00434058 /* ContentView.swift */,
				90835961259A80F500A3DF7C /* Home.swift */,
				90835966259A905500A3DF7C /* HomeView.swift */,
				9044B987259AA7720076F444 /* UpdateList.swift */,
				907FFB63259AB3F100406018 /* UpdateStore.swift */,
				907FFB5E259AAF0100406018 /* UpdateDetail.swift */,
				90A5154E259E7D9B00A0A165 /* CourseList.swift */,
				907FE5F425A51A85009A2CBA /* CourseStore.swift */,
				907FE58D25A3C63A009A2CBA /* CourseDetail.swift */,
				907FE5DC25A51086009A2CBA /* Data.swift */,
				907FE5E125A511DD009A2CBA /* PostList.swift */,
				907FE5E925A51473009A2CBA /* DataStore.swift */,
				900771CF259D234100F8BFDE /* Modifiers.swift */,
				900771C9259C017F00F8BFDE /* RingView.swift */,
				906EA10625940EEF005231D9 /* MenuView.swift */,
				90C0903F259BFAA0001A47C1 /* TopBar.swift */,
				90D9F67D25A5290700AC3FCE /* BlurView.swift */,
				90ABA6B225AE7A69009B645E /* LottieView.swift */,
				90ABA6B725AE7BE9009B645E /* LoadingView.swift */,
				90F3CE0925A6441A0095FBBB /* Buttons.swift */,
				90B3F09A25AD392C00E57B03 /* LoginView.swift */,
				90D32ADC25B8D1B400D7929B /* UserStore.swift */,
				90ABA6BC25AE88FF009B645E /* SuccessView.swift */,
				90C1B0FF2593B3D000434058 /* Assets.xcassets */,
				90ABA6A125AE79E4009B645E /* Lottie */,
				900771D4259D279F00F8BFDE /* Work_Sans */,
				90C1B1042593B3D000434058 /* Info.plist */,
				90ABA6C125AE8E52009B645E /* GoogleService-Info.plist */,
				90C1B1012593B3D000434058 /* Preview Content */,
			);
			path = SwiftUIDesignCode;
			sourceTree = "<group>";
		};
		90C1B1012593B3D000434058 /* Preview Content */ = {
			isa = PBXGroup;
			children = (
				90C1B1022593B3D000434058 /* Preview Assets.xcassets */,
			);
			path = "Preview Content";
			sourceTree = "<group>";
		};
		90C1B10C2593B3D000434058 /* SwiftUIDesignCodeTests */ = {
			isa = PBXGroup;
			children = (
				90C1B10D2593B3D000434058 /* SwiftUIDesignCodeTests.swift */,
				90C1B10F2593B3D000434058 /* Info.plist */,
			);
			path = SwiftUIDesignCodeTests;
			sourceTree = "<group>";
		};
		90C1B1172593B3D000434058 /* SwiftUIDesignCodeUITests */ = {
			isa = PBXGroup;
			children = (
				90C1B1182593B3D000434058 /* SwiftUIDesignCodeUITests.swift */,
				90C1B11A2593B3D000434058 /* Info.plist */,
			);
			path = SwiftUIDesignCodeUITests;
			sourceTree = "<group>";
		};
		9AA73CD0917899306B42071B /* Frameworks */ = {
			isa = PBXGroup;
			children = (
				DFC2366C82D161E79B6FAED4 /* Pods_SwiftUIDesignCode.framework */,
				200E90306FBD83B9CE5A2B38 /* Pods_SwiftUIDesignCode_SwiftUIDesignCodeUITests.framework */,
				355491C3CDFBCA773A931F94 /* Pods_SwiftUIDesignCodeTests.framework */,
			);
			name = Frameworks;
			sourceTree = "<group>";
		};
		E80620A47AAC543EC131FFE2 /* Pods */ = {
			isa = PBXGroup;
			children = (
				52F63BB8786E1BADC5C402D9 /* Pods-SwiftUIDesignCode.debug.xcconfig */,
				95EDB7EDFE3DD42C485261B1 /* Pods-SwiftUIDesignCode.release.xcconfig */,
				E93A604867FB1962C5A60182 /* Pods-SwiftUIDesignCode-SwiftUIDesignCodeUITests.debug.xcconfig */,
				553E602EBEF22414E1394C79 /* Pods-SwiftUIDesignCode-SwiftUIDesignCodeUITests.release.xcconfig */,
				C61C8E4F7FEB30513B8A204B /* Pods-SwiftUIDesignCodeTests.debug.xcconfig */,
				40F24EA7CDE356E1947536C0 /* Pods-SwiftUIDesignCodeTests.release.xcconfig */,
			);
			path = Pods;
			sourceTree = "<group>";
		};
/* End PBXGroup section */

/* Begin PBXNativeTarget section */
		90C1B0F72593B3CC00434058 /* SwiftUIDesignCode */ = {
			isa = PBXNativeTarget;
			buildConfigurationList = 90C1B11D2593B3D000434058 /* Build configuration list for PBXNativeTarget "SwiftUIDesignCode" */;
			buildPhases = (
				873BADAFA104274E6995675A /* [CP] Check Pods Manifest.lock */,
				90C1B0F42593B3CC00434058 /* Sources */,
				90C1B0F52593B3CC00434058 /* Frameworks */,
				90C1B0F62593B3CC00434058 /* Resources */,
				832245C9AA2D210533789DB5 /* [CP] Embed Pods Frameworks */,
			);
			buildRules = (
			);
			dependencies = (
			);
			name = SwiftUIDesignCode;
			packageProductDependencies = (
				907FE5EF25A51816009A2CBA /* Contentful */,
				90D9F67625A5232700AC3FCE /* SDWebImageSwiftUI */,
				90ABA6AA25AE7A36009B645E /* Lottie */,
			);
			productName = SwiftUIDesignCode;
			productReference = 90C1B0F82593B3CC00434058 /* SwiftUIDesignCode.app */;
			productType = "com.apple.product-type.application";
		};
		90C1B1082593B3D000434058 /* SwiftUIDesignCodeTests */ = {
			isa = PBXNativeTarget;
			buildConfigurationList = 90C1B1202593B3D000434058 /* Build configuration list for PBXNativeTarget "SwiftUIDesignCodeTests" */;
			buildPhases = (
				5E942D792F588B2171C6DF32 /* [CP] Check Pods Manifest.lock */,
				90C1B1052593B3D000434058 /* Sources */,
				90C1B1062593B3D000434058 /* Frameworks */,
				90C1B1072593B3D000434058 /* Resources */,
			);
			buildRules = (
			);
			dependencies = (
				90C1B10B2593B3D000434058 /* PBXTargetDependency */,
			);
			name = SwiftUIDesignCodeTests;
			productName = SwiftUIDesignCodeTests;
			productReference = 90C1B1092593B3D000434058 /* SwiftUIDesignCodeTests.xctest */;
			productType = "com.apple.product-type.bundle.unit-test";
		};
		90C1B1132593B3D000434058 /* SwiftUIDesignCodeUITests */ = {
			isa = PBXNativeTarget;
			buildConfigurationList = 90C1B1232593B3D000434058 /* Build configuration list for PBXNativeTarget "SwiftUIDesignCodeUITests" */;
			buildPhases = (
				898FAEBEDD6CF7B7AEF51205 /* [CP] Check Pods Manifest.lock */,
				90C1B1102593B3D000434058 /* Sources */,
				90C1B1112593B3D000434058 /* Frameworks */,
				90C1B1122593B3D000434058 /* Resources */,
				1A62DD6ED6A1FA67A43423CC /* [CP] Embed Pods Frameworks */,
			);
			buildRules = (
			);
			dependencies = (
				90C1B1162593B3D000434058 /* PBXTargetDependency */,
			);
			name = SwiftUIDesignCodeUITests;
			productName = SwiftUIDesignCodeUITests;
			productReference = 90C1B1142593B3D000434058 /* SwiftUIDesignCodeUITests.xctest */;
			productType = "com.apple.product-type.bundle.ui-testing";
		};
/* End PBXNativeTarget section */

/* Begin PBXProject section */
		90C1B0F02593B3CC00434058 /* Project object */ = {
			isa = PBXProject;
			attributes = {
				LastSwiftUpdateCheck = 1220;
				LastUpgradeCheck = 1220;
				TargetAttributes = {
					90C1B0F72593B3CC00434058 = {
						CreatedOnToolsVersion = 12.2;
					};
					90C1B1082593B3D000434058 = {
						CreatedOnToolsVersion = 12.2;
						TestTargetID = 90C1B0F72593B3CC00434058;
					};
					90C1B1132593B3D000434058 = {
						CreatedOnToolsVersion = 12.2;
						TestTargetID = 90C1B0F72593B3CC00434058;
					};
				};
			};
			buildConfigurationList = 90C1B0F32593B3CC00434058 /* Build configuration list for PBXProject "SwiftUIDesignCode" */;
			compatibilityVersion = "Xcode 9.3";
			developmentRegion = en;
			hasScannedForEncodings = 0;
			knownRegions = (
				en,
				Base,
			);
			mainGroup = 90C1B0EF2593B3CC00434058;
			packageReferences = (
				907FE5EE25A51816009A2CBA /* XCRemoteSwiftPackageReference "contentful.swift" */,
				90D9F67525A5232700AC3FCE /* XCRemoteSwiftPackageReference "SDWebImageSwiftUI" */,
				90ABA6A925AE7A36009B645E /* XCRemoteSwiftPackageReference "lottie-ios" */,
			);
			productRefGroup = 90C1B0F92593B3CC00434058 /* Products */;
			projectDirPath = "";
			projectRoot = "";
			targets = (
				90C1B0F72593B3CC00434058 /* SwiftUIDesignCode */,
				90C1B1082593B3D000434058 /* SwiftUIDesignCodeTests */,
				90C1B1132593B3D000434058 /* SwiftUIDesignCodeUITests */,
			);
		};
/* End PBXProject section */

/* Begin PBXResourcesBuildPhase section */
		90C1B0F62593B3CC00434058 /* Resources */ = {
			isa = PBXResourcesBuildPhase;
			buildActionMask = 2147483647;
			files = (
				900771FC259D279F00F8BFDE /* WorkSans-LightItalic.ttf in Resources */,
				90C1B1032593B3D000434058 /* Preview Assets.xcassets in Resources */,
				900771F2259D279F00F8BFDE /* WorkSans-BoldItalic.ttf in Resources */,
				90ABA6A525AE79E4009B645E /* success.json in Resources */,
				900771F4259D279F00F8BFDE /* WorkSans-ThinItalic.ttf in Resources */,
				900771F1259D279F00F8BFDE /* WorkSans-MediumItalic.ttf in Resources */,
				900771F5259D279F00F8BFDE /* WorkSans-ExtraLightItalic.ttf in Resources */,
				90C1B1002593B3D000434058 /* Assets.xcassets in Resources */,
				900771F0259D279F00F8BFDE /* WorkSans-SemiBoldItalic.ttf in Resources */,
				900771FD259D279F00F8BFDE /* WorkSans-ExtraBoldItalic.ttf in Resources */,
				90ABA6A425AE79E4009B645E /* loading.json in Resources */,
				90ABA6C225AE8E52009B645E /* GoogleService-Info.plist in Resources */,
				900771EC259D279F00F8BFDE /* WorkSans-VariableFont_wght.ttf in Resources */,
				900771FA259D279F00F8BFDE /* WorkSans-Thin.ttf in Resources */,
				900771F3259D279F00F8BFDE /* WorkSans-ExtraLight.ttf in Resources */,
				90077200259D279F00F8BFDE /* OFL.txt in Resources */,
				900771F7259D279F00F8BFDE /* WorkSans-SemiBold.ttf in Resources */,
				900771ED259D279F00F8BFDE /* WorkSans-Regular.ttf in Resources */,
				900771FB259D279F00F8BFDE /* WorkSans-Black.ttf in Resources */,
				900771EF259D279F00F8BFDE /* WorkSans-ExtraBold.ttf in Resources */,
				900771F9259D279F00F8BFDE /* WorkSans-BlackItalic.ttf in Resources */,
				900771FF259D279F00F8BFDE /* WorkSans-Italic-VariableFont_wght.ttf in Resources */,
				900771F6259D279F00F8BFDE /* WorkSans-Medium.ttf in Resources */,
				900771F8259D279F00F8BFDE /* WorkSans-Italic.ttf in Resources */,
				900771EE259D279F00F8BFDE /* WorkSans-Light.ttf in Resources */,
				90077201259D279F00F8BFDE /* README.txt in Resources */,
				900771FE259D279F00F8BFDE /* WorkSans-Bold.ttf in Resources */,
			);
			runOnlyForDeploymentPostprocessing = 0;
		};
		90C1B1072593B3D000434058 /* Resources */ = {
			isa = PBXResourcesBuildPhase;
			buildActionMask = 2147483647;
			files = (
			);
			runOnlyForDeploymentPostprocessing = 0;
		};
		90C1B1122593B3D000434058 /* Resources */ = {
			isa = PBXResourcesBuildPhase;
			buildActionMask = 2147483647;
			files = (
			);
			runOnlyForDeploymentPostprocessing = 0;
		};
/* End PBXResourcesBuildPhase section */

/* Begin PBXShellScriptBuildPhase section */
		1A62DD6ED6A1FA67A43423CC /* [CP] Embed Pods Frameworks */ = {
			isa = PBXShellScriptBuildPhase;
			buildActionMask = 2147483647;
			files = (
			);
			inputFileListPaths = (
				"${PODS_ROOT}/Target Support Files/Pods-SwiftUIDesignCode-SwiftUIDesignCodeUITests/Pods-SwiftUIDesignCode-SwiftUIDesignCodeUITests-frameworks-${CONFIGURATION}-input-files.xcfilelist",
			);
			name = "[CP] Embed Pods Frameworks";
			outputFileListPaths = (
				"${PODS_ROOT}/Target Support Files/Pods-SwiftUIDesignCode-SwiftUIDesignCodeUITests/Pods-SwiftUIDesignCode-SwiftUIDesignCodeUITests-frameworks-${CONFIGURATION}-output-files.xcfilelist",
			);
			runOnlyForDeploymentPostprocessing = 0;
			shellPath = /bin/sh;
			shellScript = "\"${PODS_ROOT}/Target Support Files/Pods-SwiftUIDesignCode-SwiftUIDesignCodeUITests/Pods-SwiftUIDesignCode-SwiftUIDesignCodeUITests-frameworks.sh\"\n";
			showEnvVarsInLog = 0;
		};
		5E942D792F588B2171C6DF32 /* [CP] Check Pods Manifest.lock */ = {
			isa = PBXShellScriptBuildPhase;
			buildActionMask = 2147483647;
			files = (
			);
			inputFileListPaths = (
			);
			inputPaths = (
				"${PODS_PODFILE_DIR_PATH}/Podfile.lock",
				"${PODS_ROOT}/Manifest.lock",
			);
			name = "[CP] Check Pods Manifest.lock";
			outputFileListPaths = (
			);
			outputPaths = (
				"$(DERIVED_FILE_DIR)/Pods-SwiftUIDesignCodeTests-checkManifestLockResult.txt",
			);
			runOnlyForDeploymentPostprocessing = 0;
			shellPath = /bin/sh;
			shellScript = "diff \"${PODS_PODFILE_DIR_PATH}/Podfile.lock\" \"${PODS_ROOT}/Manifest.lock\" > /dev/null\nif [ $? != 0 ] ; then\n    # print error to STDERR\n    echo \"error: The sandbox is not in sync with the Podfile.lock. Run 'pod install' or update your CocoaPods installation.\" >&2\n    exit 1\nfi\n# This output is used by Xcode 'outputs' to avoid re-running this script phase.\necho \"SUCCESS\" > \"${SCRIPT_OUTPUT_FILE_0}\"\n";
			showEnvVarsInLog = 0;
		};
		832245C9AA2D210533789DB5 /* [CP] Embed Pods Frameworks */ = {
			isa = PBXShellScriptBuildPhase;
			buildActionMask = 2147483647;
			files = (
			);
			inputFileListPaths = (
				"${PODS_ROOT}/Target Support Files/Pods-SwiftUIDesignCode/Pods-SwiftUIDesignCode-frameworks-${CONFIGURATION}-input-files.xcfilelist",
			);
			name = "[CP] Embed Pods Frameworks";
			outputFileListPaths = (
				"${PODS_ROOT}/Target Support Files/Pods-SwiftUIDesignCode/Pods-SwiftUIDesignCode-frameworks-${CONFIGURATION}-output-files.xcfilelist",
			);
			runOnlyForDeploymentPostprocessing = 0;
			shellPath = /bin/sh;
			shellScript = "\"${PODS_ROOT}/Target Support Files/Pods-SwiftUIDesignCode/Pods-SwiftUIDesignCode-frameworks.sh\"\n";
			showEnvVarsInLog = 0;
		};
		873BADAFA104274E6995675A /* [CP] Check Pods Manifest.lock */ = {
			isa = PBXShellScriptBuildPhase;
			buildActionMask = 2147483647;
			files = (
			);
			inputFileListPaths = (
			);
			inputPaths = (
				"${PODS_PODFILE_DIR_PATH}/Podfile.lock",
				"${PODS_ROOT}/Manifest.lock",
			);
			name = "[CP] Check Pods Manifest.lock";
			outputFileListPaths = (
			);
			outputPaths = (
				"$(DERIVED_FILE_DIR)/Pods-SwiftUIDesignCode-checkManifestLockResult.txt",
			);
			runOnlyForDeploymentPostprocessing = 0;
			shellPath = /bin/sh;
			shellScript = "diff \"${PODS_PODFILE_DIR_PATH}/Podfile.lock\" \"${PODS_ROOT}/Manifest.lock\" > /dev/null\nif [ $? != 0 ] ; then\n    # print error to STDERR\n    echo \"error: The sandbox is not in sync with the Podfile.lock. Run 'pod install' or update your CocoaPods installation.\" >&2\n    exit 1\nfi\n# This output is used by Xcode 'outputs' to avoid re-running this script phase.\necho \"SUCCESS\" > \"${SCRIPT_OUTPUT_FILE_0}\"\n";
			showEnvVarsInLog = 0;
		};
		898FAEBEDD6CF7B7AEF51205 /* [CP] Check Pods Manifest.lock */ = {
			isa = PBXShellScriptBuildPhase;
			buildActionMask = 2147483647;
			files = (
			);
			inputFileListPaths = (
			);
			inputPaths = (
				"${PODS_PODFILE_DIR_PATH}/Podfile.lock",
				"${PODS_ROOT}/Manifest.lock",
			);
			name = "[CP] Check Pods Manifest.lock";
			outputFileListPaths = (
			);
			outputPaths = (
				"$(DERIVED_FILE_DIR)/Pods-SwiftUIDesignCode-SwiftUIDesignCodeUITests-checkManifestLockResult.txt",
			);
			runOnlyForDeploymentPostprocessing = 0;
			shellPath = /bin/sh;
			shellScript = "diff \"${PODS_PODFILE_DIR_PATH}/Podfile.lock\" \"${PODS_ROOT}/Manifest.lock\" > /dev/null\nif [ $? != 0 ] ; then\n    # print error to STDERR\n    echo \"error: The sandbox is not in sync with the Podfile.lock. Run 'pod install' or update your CocoaPods installation.\" >&2\n    exit 1\nfi\n# This output is used by Xcode 'outputs' to avoid re-running this script phase.\necho \"SUCCESS\" > \"${SCRIPT_OUTPUT_FILE_0}\"\n";
			showEnvVarsInLog = 0;
		};
/* End PBXShellScriptBuildPhase section */

/* Begin PBXSourcesBuildPhase section */
		90C1B0F42593B3CC00434058 /* Sources */ = {
			isa = PBXSourcesBuildPhase;
			buildActionMask = 2147483647;
			files = (
				900771CA259C017F00F8BFDE /* RingView.swift in Sources */,
				907FE5EA25A51473009A2CBA /* DataStore.swift in Sources */,
				907FE5E225A511DD009A2CBA /* PostList.swift in Sources */,
				90ABA6B825AE7BE9009B645E /* LoadingView.swift in Sources */,
				900771D0259D234100F8BFDE /* Modifiers.swift in Sources */,
				907FFB5F259AAF0100406018 /* UpdateDetail.swift in Sources */,
				90D32ADD25B8D1B500D7929B /* UserStore.swift in Sources */,
				90D9F67E25A5290700AC3FCE /* BlurView.swift in Sources */,
				90C09040259BFAA0001A47C1 /* TopBar.swift in Sources */,
				90A5154F259E7D9B00A0A165 /* CourseList.swift in Sources */,
				907FE5F525A51A85009A2CBA /* CourseStore.swift in Sources */,
				90C1B0FE2593B3CC00434058 /* ContentView.swift in Sources */,
				906EA10725940EEF005231D9 /* MenuView.swift in Sources */,
				90ABA6B325AE7A69009B645E /* LottieView.swift in Sources */,
				907FE5DD25A51087009A2CBA /* Data.swift in Sources */,
				9044B988259AA7720076F444 /* UpdateList.swift in Sources */,
				907FFB64259AB3F100406018 /* UpdateStore.swift in Sources */,
				90835962259A80F500A3DF7C /* Home.swift in Sources */,
				907FE58E25A3C63A009A2CBA /* CourseDetail.swift in Sources */,
				90F3CE0A25A6441A0095FBBB /* Buttons.swift in Sources */,
				90835967259A905500A3DF7C /* HomeView.swift in Sources */,
				90ABA6BD25AE88FF009B645E /* SuccessView.swift in Sources */,
				90B3F09B25AD392C00E57B03 /* LoginView.swift in Sources */,
				90C1B0FC2593B3CC00434058 /* SwiftUIDesignCodeApp.swift in Sources */,
			);
			runOnlyForDeploymentPostprocessing = 0;
		};
		90C1B1052593B3D000434058 /* Sources */ = {
			isa = PBXSourcesBuildPhase;
			buildActionMask = 2147483647;
			files = (
				90C1B10E2593B3D000434058 /* SwiftUIDesignCodeTests.swift in Sources */,
			);
			runOnlyForDeploymentPostprocessing = 0;
		};
		90C1B1102593B3D000434058 /* Sources */ = {
			isa = PBXSourcesBuildPhase;
			buildActionMask = 2147483647;
			files = (
				90C1B1192593B3D000434058 /* SwiftUIDesignCodeUITests.swift in Sources */,
			);
			runOnlyForDeploymentPostprocessing = 0;
		};
/* End PBXSourcesBuildPhase section */

/* Begin PBXTargetDependency section */
		90C1B10B2593B3D000434058 /* PBXTargetDependency */ = {
			isa = PBXTargetDependency;
			target = 90C1B0F72593B3CC00434058 /* SwiftUIDesignCode */;
			targetProxy = 90C1B10A2593B3D000434058 /* PBXContainerItemProxy */;
		};
		90C1B1162593B3D000434058 /* PBXTargetDependency */ = {
			isa = PBXTargetDependency;
			target = 90C1B0F72593B3CC00434058 /* SwiftUIDesignCode */;
			targetProxy = 90C1B1152593B3D000434058 /* PBXContainerItemProxy */;
		};
/* End PBXTargetDependency section */

/* Begin XCBuildConfiguration section */
		90C1B11B2593B3D000434058 /* Debug */ = {
			isa = XCBuildConfiguration;
			buildSettings = {
				ALWAYS_SEARCH_USER_PATHS = NO;
				CLANG_ANALYZER_NONNULL = YES;
				CLANG_ANALYZER_NUMBER_OBJECT_CONVERSION = YES_AGGRESSIVE;
				CLANG_CXX_LANGUAGE_STANDARD = "gnu++14";
				CLANG_CXX_LIBRARY = "libc++";
				CLANG_ENABLE_MODULES = YES;
				CLANG_ENABLE_OBJC_ARC = YES;
				CLANG_ENABLE_OBJC_WEAK = YES;
				CLANG_WARN_BLOCK_CAPTURE_AUTORELEASING = YES;
				CLANG_WARN_BOOL_CONVERSION = YES;
				CLANG_WARN_COMMA = YES;
				CLANG_WARN_CONSTANT_CONVERSION = YES;
				CLANG_WARN_DEPRECATED_OBJC_IMPLEMENTATIONS = YES;
				CLANG_WARN_DIRECT_OBJC_ISA_USAGE = YES_ERROR;
				CLANG_WARN_DOCUMENTATION_COMMENTS = YES;
				CLANG_WARN_EMPTY_BODY = YES;
				CLANG_WARN_ENUM_CONVERSION = YES;
				CLANG_WARN_INFINITE_RECURSION = YES;
				CLANG_WARN_INT_CONVERSION = YES;
				CLANG_WARN_NON_LITERAL_NULL_CONVERSION = YES;
				CLANG_WARN_OBJC_IMPLICIT_RETAIN_SELF = YES;
				CLANG_WARN_OBJC_LITERAL_CONVERSION = YES;
				CLANG_WARN_OBJC_ROOT_CLASS = YES_ERROR;
				CLANG_WARN_QUOTED_INCLUDE_IN_FRAMEWORK_HEADER = YES;
				CLANG_WARN_RANGE_LOOP_ANALYSIS = YES;
				CLANG_WARN_STRICT_PROTOTYPES = YES;
				CLANG_WARN_SUSPICIOUS_MOVE = YES;
				CLANG_WARN_UNGUARDED_AVAILABILITY = YES_AGGRESSIVE;
				CLANG_WARN_UNREACHABLE_CODE = YES;
				CLANG_WARN__DUPLICATE_METHOD_MATCH = YES;
				COPY_PHASE_STRIP = NO;
				DEBUG_INFORMATION_FORMAT = dwarf;
				ENABLE_STRICT_OBJC_MSGSEND = YES;
				ENABLE_TESTABILITY = YES;
				GCC_C_LANGUAGE_STANDARD = gnu11;
				GCC_DYNAMIC_NO_PIC = NO;
				GCC_NO_COMMON_BLOCKS = YES;
				GCC_OPTIMIZATION_LEVEL = 0;
				GCC_PREPROCESSOR_DEFINITIONS = (
					"DEBUG=1",
					"$(inherited)",
				);
				GCC_WARN_64_TO_32_BIT_CONVERSION = YES;
				GCC_WARN_ABOUT_RETURN_TYPE = YES_ERROR;
				GCC_WARN_UNDECLARED_SELECTOR = YES;
				GCC_WARN_UNINITIALIZED_AUTOS = YES_AGGRESSIVE;
				GCC_WARN_UNUSED_FUNCTION = YES;
				GCC_WARN_UNUSED_VARIABLE = YES;
				IPHONEOS_DEPLOYMENT_TARGET = 14.2;
				MTL_ENABLE_DEBUG_INFO = INCLUDE_SOURCE;
				MTL_FAST_MATH = YES;
				ONLY_ACTIVE_ARCH = YES;
				SDKROOT = iphoneos;
				SWIFT_ACTIVE_COMPILATION_CONDITIONS = DEBUG;
				SWIFT_OPTIMIZATION_LEVEL = "-Onone";
			};
			name = Debug;
		};
		90C1B11C2593B3D000434058 /* Release */ = {
			isa = XCBuildConfiguration;
			buildSettings = {
				ALWAYS_SEARCH_USER_PATHS = NO;
				CLANG_ANALYZER_NONNULL = YES;
				CLANG_ANALYZER_NUMBER_OBJECT_CONVERSION = YES_AGGRESSIVE;
				CLANG_CXX_LANGUAGE_STANDARD = "gnu++14";
				CLANG_CXX_LIBRARY = "libc++";
				CLANG_ENABLE_MODULES = YES;
				CLANG_ENABLE_OBJC_ARC = YES;
				CLANG_ENABLE_OBJC_WEAK = YES;
				CLANG_WARN_BLOCK_CAPTURE_AUTORELEASING = YES;
				CLANG_WARN_BOOL_CONVERSION = YES;
				CLANG_WARN_COMMA = YES;
				CLANG_WARN_CONSTANT_CONVERSION = YES;
				CLANG_WARN_DEPRECATED_OBJC_IMPLEMENTATIONS = YES;
				CLANG_WARN_DIRECT_OBJC_ISA_USAGE = YES_ERROR;
				CLANG_WARN_DOCUMENTATION_COMMENTS = YES;
				CLANG_WARN_EMPTY_BODY = YES;
				CLANG_WARN_ENUM_CONVERSION = YES;
				CLANG_WARN_INFINITE_RECURSION = YES;
				CLANG_WARN_INT_CONVERSION = YES;
				CLANG_WARN_NON_LITERAL_NULL_CONVERSION = YES;
				CLANG_WARN_OBJC_IMPLICIT_RETAIN_SELF = YES;
				CLANG_WARN_OBJC_LITERAL_CONVERSION = YES;
				CLANG_WARN_OBJC_ROOT_CLASS = YES_ERROR;
				CLANG_WARN_QUOTED_INCLUDE_IN_FRAMEWORK_HEADER = YES;
				CLANG_WARN_RANGE_LOOP_ANALYSIS = YES;
				CLANG_WARN_STRICT_PROTOTYPES = YES;
				CLANG_WARN_SUSPICIOUS_MOVE = YES;
				CLANG_WARN_UNGUARDED_AVAILABILITY = YES_AGGRESSIVE;
				CLANG_WARN_UNREACHABLE_CODE = YES;
				CLANG_WARN__DUPLICATE_METHOD_MATCH = YES;
				COPY_PHASE_STRIP = NO;
				DEBUG_INFORMATION_FORMAT = "dwarf-with-dsym";
				ENABLE_NS_ASSERTIONS = NO;
				ENABLE_STRICT_OBJC_MSGSEND = YES;
				GCC_C_LANGUAGE_STANDARD = gnu11;
				GCC_NO_COMMON_BLOCKS = YES;
				GCC_WARN_64_TO_32_BIT_CONVERSION = YES;
				GCC_WARN_ABOUT_RETURN_TYPE = YES_ERROR;
				GCC_WARN_UNDECLARED_SELECTOR = YES;
				GCC_WARN_UNINITIALIZED_AUTOS = YES_AGGRESSIVE;
				GCC_WARN_UNUSED_FUNCTION = YES;
				GCC_WARN_UNUSED_VARIABLE = YES;
				IPHONEOS_DEPLOYMENT_TARGET = 14.2;
				MTL_ENABLE_DEBUG_INFO = NO;
				MTL_FAST_MATH = YES;
				SDKROOT = iphoneos;
				SWIFT_COMPILATION_MODE = wholemodule;
				SWIFT_OPTIMIZATION_LEVEL = "-O";
				VALIDATE_PRODUCT = YES;
			};
			name = Release;
		};
		90C1B11E2593B3D000434058 /* Debug */ = {
			isa = XCBuildConfiguration;
			baseConfigurationReference = 52F63BB8786E1BADC5C402D9 /* Pods-SwiftUIDesignCode.debug.xcconfig */;
			buildSettings = {
				ASSETCATALOG_COMPILER_APPICON_NAME = AppIcon;
				ASSETCATALOG_COMPILER_GLOBAL_ACCENT_COLOR_NAME = AccentColor;
				CODE_SIGN_STYLE = Automatic;
				DEAD_CODE_STRIPPING = NO;
				DEVELOPMENT_ASSET_PATHS = "\"SwiftUIDesignCode/Preview Content\"";
				DEVELOPMENT_TEAM = 57FTCZV5HS;
				ENABLE_PREVIEWS = YES;
				INFOPLIST_FILE = SwiftUIDesignCode/Info.plist;
				IPHONEOS_DEPLOYMENT_TARGET = 14.0;
				LD_RUNPATH_SEARCH_PATHS = (
					"$(inherited)",
					"@executable_path/Frameworks",
				);
				PRODUCT_BUNDLE_IDENTIFIER = com.greghughes.SwiftUIDesignCode;
				PRODUCT_NAME = "$(TARGET_NAME)";
				SWIFT_VERSION = 5.0;
				TARGETED_DEVICE_FAMILY = "1,2";
			};
			name = Debug;
		};
		90C1B11F2593B3D000434058 /* Release */ = {
			isa = XCBuildConfiguration;
			baseConfigurationReference = 95EDB7EDFE3DD42C485261B1 /* Pods-SwiftUIDesignCode.release.xcconfig */;
			buildSettings = {
				ASSETCATALOG_COMPILER_APPICON_NAME = AppIcon;
				ASSETCATALOG_COMPILER_GLOBAL_ACCENT_COLOR_NAME = AccentColor;
				CODE_SIGN_STYLE = Automatic;
				DEAD_CODE_STRIPPING = NO;
				DEVELOPMENT_ASSET_PATHS = "\"SwiftUIDesignCode/Preview Content\"";
				DEVELOPMENT_TEAM = 57FTCZV5HS;
				ENABLE_PREVIEWS = YES;
				INFOPLIST_FILE = SwiftUIDesignCode/Info.plist;
				IPHONEOS_DEPLOYMENT_TARGET = 14.0;
				LD_RUNPATH_SEARCH_PATHS = (
					"$(inherited)",
					"@executable_path/Frameworks",
				);
				PRODUCT_BUNDLE_IDENTIFIER = com.greghughes.SwiftUIDesignCode;
				PRODUCT_NAME = "$(TARGET_NAME)";
				SWIFT_VERSION = 5.0;
				TARGETED_DEVICE_FAMILY = "1,2";
			};
			name = Release;
		};
		90C1B1212593B3D000434058 /* Debug */ = {
			isa = XCBuildConfiguration;
			baseConfigurationReference = C61C8E4F7FEB30513B8A204B /* Pods-SwiftUIDesignCodeTests.debug.xcconfig */;
			buildSettings = {
				ALWAYS_EMBED_SWIFT_STANDARD_LIBRARIES = YES;
				BUNDLE_LOADER = "$(TEST_HOST)";
				CODE_SIGN_STYLE = Automatic;
				DEVELOPMENT_TEAM = 57FTCZV5HS;
				INFOPLIST_FILE = SwiftUIDesignCodeTests/Info.plist;
				IPHONEOS_DEPLOYMENT_TARGET = 14.0;
				LD_RUNPATH_SEARCH_PATHS = (
					"$(inherited)",
					"@executable_path/Frameworks",
					"@loader_path/Frameworks",
				);
				PRODUCT_BUNDLE_IDENTIFIER = com.greghughes.SwiftUIDesignCodeTests;
				PRODUCT_NAME = "$(TARGET_NAME)";
				SWIFT_VERSION = 5.0;
				TARGETED_DEVICE_FAMILY = "1,2";
				TEST_HOST = "$(BUILT_PRODUCTS_DIR)/SwiftUIDesignCode.app/SwiftUIDesignCode";
			};
			name = Debug;
		};
		90C1B1222593B3D000434058 /* Release */ = {
			isa = XCBuildConfiguration;
			baseConfigurationReference = 40F24EA7CDE356E1947536C0 /* Pods-SwiftUIDesignCodeTests.release.xcconfig */;
			buildSettings = {
				ALWAYS_EMBED_SWIFT_STANDARD_LIBRARIES = YES;
				BUNDLE_LOADER = "$(TEST_HOST)";
				CODE_SIGN_STYLE = Automatic;
				DEVELOPMENT_TEAM = 57FTCZV5HS;
				INFOPLIST_FILE = SwiftUIDesignCodeTests/Info.plist;
				IPHONEOS_DEPLOYMENT_TARGET = 14.0;
				LD_RUNPATH_SEARCH_PATHS = (
					"$(inherited)",
					"@executable_path/Frameworks",
					"@loader_path/Frameworks",
				);
				PRODUCT_BUNDLE_IDENTIFIER = com.greghughes.SwiftUIDesignCodeTests;
				PRODUCT_NAME = "$(TARGET_NAME)";
				SWIFT_VERSION = 5.0;
				TARGETED_DEVICE_FAMILY = "1,2";
				TEST_HOST = "$(BUILT_PRODUCTS_DIR)/SwiftUIDesignCode.app/SwiftUIDesignCode";
			};
			name = Release;
		};
		90C1B1242593B3D000434058 /* Debug */ = {
			isa = XCBuildConfiguration;
			baseConfigurationReference = E93A604867FB1962C5A60182 /* Pods-SwiftUIDesignCode-SwiftUIDesignCodeUITests.debug.xcconfig */;
			buildSettings = {
				ALWAYS_EMBED_SWIFT_STANDARD_LIBRARIES = YES;
				CODE_SIGN_STYLE = Automatic;
				DEVELOPMENT_TEAM = 57FTCZV5HS;
				INFOPLIST_FILE = SwiftUIDesignCodeUITests/Info.plist;
				LD_RUNPATH_SEARCH_PATHS = (
					"$(inherited)",
					"@executable_path/Frameworks",
					"@loader_path/Frameworks",
				);
				PRODUCT_BUNDLE_IDENTIFIER = com.greghughes.SwiftUIDesignCodeUITests;
				PRODUCT_NAME = "$(TARGET_NAME)";
				SWIFT_VERSION = 5.0;
				TARGETED_DEVICE_FAMILY = "1,2";
				TEST_TARGET_NAME = SwiftUIDesignCode;
			};
			name = Debug;
		};
		90C1B1252593B3D000434058 /* Release */ = {
			isa = XCBuildConfiguration;
			baseConfigurationReference = 553E602EBEF22414E1394C79 /* Pods-SwiftUIDesignCode-SwiftUIDesignCodeUITests.release.xcconfig */;
			buildSettings = {
				ALWAYS_EMBED_SWIFT_STANDARD_LIBRARIES = YES;
				CODE_SIGN_STYLE = Automatic;
				DEVELOPMENT_TEAM = 57FTCZV5HS;
				INFOPLIST_FILE = SwiftUIDesignCodeUITests/Info.plist;
				LD_RUNPATH_SEARCH_PATHS = (
					"$(inherited)",
					"@executable_path/Frameworks",
					"@loader_path/Frameworks",
				);
				PRODUCT_BUNDLE_IDENTIFIER = com.greghughes.SwiftUIDesignCodeUITests;
				PRODUCT_NAME = "$(TARGET_NAME)";
				SWIFT_VERSION = 5.0;
				TARGETED_DEVICE_FAMILY = "1,2";
				TEST_TARGET_NAME = SwiftUIDesignCode;
			};
			name = Release;
		};
/* End XCBuildConfiguration section */

/* Begin XCConfigurationList section */
		90C1B0F32593B3CC00434058 /* Build configuration list for PBXProject "SwiftUIDesignCode" */ = {
			isa = XCConfigurationList;
			buildConfigurations = (
				90C1B11B2593B3D000434058 /* Debug */,
				90C1B11C2593B3D000434058 /* Release */,
			);
			defaultConfigurationIsVisible = 0;
			defaultConfigurationName = Release;
		};
		90C1B11D2593B3D000434058 /* Build configuration list for PBXNativeTarget "SwiftUIDesignCode" */ = {
			isa = XCConfigurationList;
			buildConfigurations = (
				90C1B11E2593B3D000434058 /* Debug */,
				90C1B11F2593B3D000434058 /* Release */,
			);
			defaultConfigurationIsVisible = 0;
			defaultConfigurationName = Release;
		};
		90C1B1202593B3D000434058 /* Build configuration list for PBXNativeTarget "SwiftUIDesignCodeTests" */ = {
			isa = XCConfigurationList;
			buildConfigurations = (
				90C1B1212593B3D000434058 /* Debug */,
				90C1B1222593B3D000434058 /* Release */,
			);
			defaultConfigurationIsVisible = 0;
			defaultConfigurationName = Release;
		};
		90C1B1232593B3D000434058 /* Build configuration list for PBXNativeTarget "SwiftUIDesignCodeUITests" */ = {
			isa = XCConfigurationList;
			buildConfigurations = (
				90C1B1242593B3D000434058 /* Debug */,
				90C1B1252593B3D000434058 /* Release */,
			);
			defaultConfigurationIsVisible = 0;
			defaultConfigurationName = Release;
		};
/* End XCConfigurationList section */

/* Begin XCRemoteSwiftPackageReference section */
		907FE5EE25A51816009A2CBA /* XCRemoteSwiftPackageReference "contentful.swift" */ = {
			isa = XCRemoteSwiftPackageReference;
			repositoryURL = "https://github.com/contentful/contentful.swift.git";
			requirement = {
				kind = upToNextMajorVersion;
				minimumVersion = 5.4.1;
			};
		};
		90ABA6A925AE7A36009B645E /* XCRemoteSwiftPackageReference "lottie-ios" */ = {
			isa = XCRemoteSwiftPackageReference;
			repositoryURL = "https://github.com/airbnb/lottie-ios.git";
			requirement = {
				kind = upToNextMajorVersion;
				minimumVersion = 3.1.9;
			};
		};
		90D9F67525A5232700AC3FCE /* XCRemoteSwiftPackageReference "SDWebImageSwiftUI" */ = {
			isa = XCRemoteSwiftPackageReference;
			repositoryURL = "https://github.com/SDWebImage/SDWebImageSwiftUI.git";
			requirement = {
				kind = upToNextMajorVersion;
				minimumVersion = 1.5.0;
			};
		};
/* End XCRemoteSwiftPackageReference section */

/* Begin XCSwiftPackageProductDependency section */
		907FE5EF25A51816009A2CBA /* Contentful */ = {
			isa = XCSwiftPackageProductDependency;
			package = 907FE5EE25A51816009A2CBA /* XCRemoteSwiftPackageReference "contentful.swift" */;
			productName = Contentful;
		};
		90ABA6AA25AE7A36009B645E /* Lottie */ = {
			isa = XCSwiftPackageProductDependency;
			package = 90ABA6A925AE7A36009B645E /* XCRemoteSwiftPackageReference "lottie-ios" */;
			productName = Lottie;
		};
		90D9F67625A5232700AC3FCE /* SDWebImageSwiftUI */ = {
			isa = XCSwiftPackageProductDependency;
			package = 90D9F67525A5232700AC3FCE /* XCRemoteSwiftPackageReference "SDWebImageSwiftUI" */;
			productName = SDWebImageSwiftUI;
		};
/* End XCSwiftPackageProductDependency section */
	};
	rootObject = 90C1B0F02593B3CC00434058 /* Project object */;
}
